
Microsoft Visual Studio Solution File, Format Version 12.00
# Visual Studio Version 17
VisualStudioVersion = 17.6.33723.286
MinimumVisualStudioVersion = 10.0.40219.1
Project("{FAE04EC0-301F-11D3-BF4B-00C04F79EFBC}") = "ProjectConnectFour", "ProjectConnectFour.csproj", "{6E63A002-30F3-4F2F-B75D-1EC42BC9EED0}"
EndProject
Global
	GlobalSection(SolutionConfigurationPlatforms) = preSolution
		Debug|Any CPU = Debug|Any CPU
		Release|Any CPU = Release|Any CPU
	EndGlobalSection
	GlobalSection(ProjectConfigurationPlatforms) = postSolution
		{6E63A002-30F3-4F2F-B75D-1EC42BC9EED0}.Debug|Any CPU.ActiveCfg = Debug|Any CPU
		{6E63A002-30F3-4F2F-B75D-1EC42BC9EED0}.Debug|Any CPU.Build.0 = Debug|Any CPU
		{6E63A002-30F3-4F2F-B75D-1EC42BC9EED0}.Release|Any CPU.ActiveCfg = Release|Any CPU
		{6E63A002-30F3-4F2F-B75D-1EC42BC9EED0}.Release|Any CPU.Build.0 = Release|Any CPU
	EndGlobalSection
	GlobalSection(SolutionProperties) = preSolution
		HideSolutionNode = FALSE
	EndGlobalSection
	GlobalSection(ExtensibilityGlobals) = postSolution
		SolutionGuid = {08C28CC0-DEFD-425C-AA1C-A495CB3964F8}
	EndGlobalSection
EndGlobal
